
Microsoft Visual Studio Solution File, Format Version 12.00
# Visual Studio Version 17
VisualStudioVersion = 17.9.34407.89
MinimumVisualStudioVersion = 10.0.40219.1
Project("{9A19103F-16F7-4668-BE54-9A1E7A4F7556}") = "QDiet.Api", "QDiet.Api\QDiet.Api.csproj", "{2DA849C7-A4D9-4945-9566-09F8E18D84E3}"
EndProject
Project("{9A19103F-16F7-4668-BE54-9A1E7A4F7556}") = "QDiet.Domain", "QDiet.Domain\QDiet.Domain.csproj", "{46C02817-3E56-4394-9CB7-B0D02CEEC2CC}"
EndProject
Project("{9A19103F-16F7-4668-BE54-9A1E7A4F7556}") = "QDiet.Console", "QDiet.Console\QDiet.Console.csproj", "{D14483D0-85C2-4D31-AA52-96297768C4CB}"
EndProject
Project("{FAE04EC0-301F-11D3-BF4B-00C04F79EFBC}") = "QDiet.Tests", "QDiet.Tests\QDiet.Tests.csproj", "{4013A619-FB34-4175-915E-9732F77D0E51}"
EndProject
Global
	GlobalSection(SolutionConfigurationPlatforms) = preSolution
		Debug|Any CPU = Debug|Any CPU
		Release|Any CPU = Release|Any CPU
	EndGlobalSection
	GlobalSection(ProjectConfigurationPlatforms) = postSolution
		{2DA849C7-A4D9-4945-9566-09F8E18D84E3}.Debug|Any CPU.ActiveCfg = Debug|Any CPU
		{2DA849C7-A4D9-4945-9566-09F8E18D84E3}.Debug|Any CPU.Build.0 = Debug|Any CPU
		{2DA849C7-A4D9-4945-9566-09F8E18D84E3}.Release|Any CPU.ActiveCfg = Release|Any CPU
		{2DA849C7-A4D9-4945-9566-09F8E18D84E3}.Release|Any CPU.Build.0 = Release|Any CPU
		{46C02817-3E56-4394-9CB7-B0D02CEEC2CC}.Debug|Any CPU.ActiveCfg = Debug|Any CPU
		{46C02817-3E56-4394-9CB7-B0D02CEEC2CC}.Debug|Any CPU.Build.0 = Debug|Any CPU
		{46C02817-3E56-4394-9CB7-B0D02CEEC2CC}.Release|Any CPU.ActiveCfg = Release|Any CPU
		{46C02817-3E56-4394-9CB7-B0D02CEEC2CC}.Release|Any CPU.Build.0 = Release|Any CPU
		{D14483D0-85C2-4D31-AA52-96297768C4CB}.Debug|Any CPU.ActiveCfg = Debug|Any CPU
		{D14483D0-85C2-4D31-AA52-96297768C4CB}.Debug|Any CPU.Build.0 = Debug|Any CPU
		{D14483D0-85C2-4D31-AA52-96297768C4CB}.Release|Any CPU.ActiveCfg = Release|Any CPU
		{D14483D0-85C2-4D31-AA52-96297768C4CB}.Release|Any CPU.Build.0 = Release|Any CPU
		{4013A619-FB34-4175-915E-9732F77D0E51}.Debug|Any CPU.ActiveCfg = Debug|Any CPU
		{4013A619-FB34-4175-915E-9732F77D0E51}.Debug|Any CPU.Build.0 = Debug|Any CPU
		{4013A619-FB34-4175-915E-9732F77D0E51}.Release|Any CPU.ActiveCfg = Release|Any CPU
		{4013A619-FB34-4175-915E-9732F77D0E51}.Release|Any CPU.Build.0 = Release|Any CPU
	EndGlobalSection
	GlobalSection(SolutionProperties) = preSolution
		HideSolutionNode = FALSE
	EndGlobalSection
	GlobalSection(ExtensibilityGlobals) = postSolution
		SolutionGuid = {AB815B9D-1486-4349-BFA9-82749079C989}
	EndGlobalSection
EndGlobal
